
Microsoft Visual Studio Solution File, Format Version 12.00
# Visual Studio Version 16
VisualStudioVersion = 16.0.30002.166
MinimumVisualStudioVersion = 10.0.40219.1
Project("{8BC9CEB8-8B4A-11D0-8D11-00A0C91BC942}") = "중복숫자 금지", "중복숫자 금지\중복숫자 금지.vcxproj", "{5B8CDC7C-6959-4854-A9F3-3A113C00350F}"
EndProject
Global
	GlobalSection(SolutionConfigurationPlatforms) = preSolution
		Debug|x64 = Debug|x64
		Debug|x86 = Debug|x86
		Release|x64 = Release|x64
		Release|x86 = Release|x86
	EndGlobalSection
	GlobalSection(ProjectConfigurationPlatforms) = postSolution
		{5B8CDC7C-6959-4854-A9F3-3A113C00350F}.Debug|x64.ActiveCfg = Debug|x64
		{5B8CDC7C-6959-4854-A9F3-3A113C00350F}.Debug|x64.Build.0 = Debug|x64
		{5B8CDC7C-6959-4854-A9F3-3A113C00350F}.Debug|x86.ActiveCfg = Debug|Win32
		{5B8CDC7C-6959-4854-A9F3-3A113C00350F}.Debug|x86.Build.0 = Debug|Win32
		{5B8CDC7C-6959-4854-A9F3-3A113C00350F}.Release|x64.ActiveCfg = Release|x64
		{5B8CDC7C-6959-4854-A9F3-3A113C00350F}.Release|x64.Build.0 = Release|x64
		{5B8CDC7C-6959-4854-A9F3-3A113C00350F}.Release|x86.ActiveCfg = Release|Win32
		{5B8CDC7C-6959-4854-A9F3-3A113C00350F}.Release|x86.Build.0 = Release|Win32
	EndGlobalSection
	GlobalSection(SolutionProperties) = preSolution
		HideSolutionNode = FALSE
	EndGlobalSection
	GlobalSection(ExtensibilityGlobals) = postSolution
		SolutionGuid = {68118E17-9684-46FD-B52F-82F131E3C076}
	EndGlobalSection
EndGlobal
