
Microsoft Visual Studio Solution File, Format Version 12.00
# Visual Studio Version 16
VisualStudioVersion = 16.0.30002.166
MinimumVisualStudioVersion = 10.0.40219.1
Project("{8BC9CEB8-8B4A-11D0-8D11-00A0C91BC942}") = "기본문제", "기본문제\기본문제.vcxproj", "{7BB9D0DC-1BCA-4CC7-99A9-E1052746AEA8}"
EndProject
Global
	GlobalSection(SolutionConfigurationPlatforms) = preSolution
		Debug|x64 = Debug|x64
		Debug|x86 = Debug|x86
		Release|x64 = Release|x64
		Release|x86 = Release|x86
	EndGlobalSection
	GlobalSection(ProjectConfigurationPlatforms) = postSolution
		{7BB9D0DC-1BCA-4CC7-99A9-E1052746AEA8}.Debug|x64.ActiveCfg = Debug|x64
		{7BB9D0DC-1BCA-4CC7-99A9-E1052746AEA8}.Debug|x64.Build.0 = Debug|x64
		{7BB9D0DC-1BCA-4CC7-99A9-E1052746AEA8}.Debug|x86.ActiveCfg = Debug|Win32
		{7BB9D0DC-1BCA-4CC7-99A9-E1052746AEA8}.Debug|x86.Build.0 = Debug|Win32
		{7BB9D0DC-1BCA-4CC7-99A9-E1052746AEA8}.Release|x64.ActiveCfg = Release|x64
		{7BB9D0DC-1BCA-4CC7-99A9-E1052746AEA8}.Release|x64.Build.0 = Release|x64
		{7BB9D0DC-1BCA-4CC7-99A9-E1052746AEA8}.Release|x86.ActiveCfg = Release|Win32
		{7BB9D0DC-1BCA-4CC7-99A9-E1052746AEA8}.Release|x86.Build.0 = Release|Win32
	EndGlobalSection
	GlobalSection(SolutionProperties) = preSolution
		HideSolutionNode = FALSE
	EndGlobalSection
	GlobalSection(ExtensibilityGlobals) = postSolution
		SolutionGuid = {3275986C-C1B2-48D7-BA68-C8C7BCAD37A3}
	EndGlobalSection
EndGlobal
