
Microsoft Visual Studio Solution File, Format Version 12.00
# Visual Studio Version 16
VisualStudioVersion = 16.0.30002.166
MinimumVisualStudioVersion = 10.0.40219.1
Project("{8BC9CEB8-8B4A-11D0-8D11-00A0C91BC942}") = "배열 컨트롤러", "배열 컨트롤러\배열 컨트롤러.vcxproj", "{CC9A0232-23B1-4CCD-90FC-792B3D6F0EFD}"
EndProject
Global
	GlobalSection(SolutionConfigurationPlatforms) = preSolution
		Debug|x64 = Debug|x64
		Debug|x86 = Debug|x86
		Release|x64 = Release|x64
		Release|x86 = Release|x86
	EndGlobalSection
	GlobalSection(ProjectConfigurationPlatforms) = postSolution
		{CC9A0232-23B1-4CCD-90FC-792B3D6F0EFD}.Debug|x64.ActiveCfg = Debug|x64
		{CC9A0232-23B1-4CCD-90FC-792B3D6F0EFD}.Debug|x64.Build.0 = Debug|x64
		{CC9A0232-23B1-4CCD-90FC-792B3D6F0EFD}.Debug|x86.ActiveCfg = Debug|Win32
		{CC9A0232-23B1-4CCD-90FC-792B3D6F0EFD}.Debug|x86.Build.0 = Debug|Win32
		{CC9A0232-23B1-4CCD-90FC-792B3D6F0EFD}.Release|x64.ActiveCfg = Release|x64
		{CC9A0232-23B1-4CCD-90FC-792B3D6F0EFD}.Release|x64.Build.0 = Release|x64
		{CC9A0232-23B1-4CCD-90FC-792B3D6F0EFD}.Release|x86.ActiveCfg = Release|Win32
		{CC9A0232-23B1-4CCD-90FC-792B3D6F0EFD}.Release|x86.Build.0 = Release|Win32
	EndGlobalSection
	GlobalSection(SolutionProperties) = preSolution
		HideSolutionNode = FALSE
	EndGlobalSection
	GlobalSection(ExtensibilityGlobals) = postSolution
		SolutionGuid = {A8D0C1E5-6FEF-4B17-B485-847C7A925195}
	EndGlobalSection
EndGlobal
