
Microsoft Visual Studio Solution File, Format Version 12.00
# Visual Studio Version 16
VisualStudioVersion = 16.0.30002.166
MinimumVisualStudioVersion = 10.0.40219.1
Project("{8BC9CEB8-8B4A-11D0-8D11-00A0C91BC942}") = "반복문", "반복문\반복문.vcxproj", "{981A6D13-A8AD-4BE1-ACD6-689A08C8B684}"
EndProject
Global
	GlobalSection(SolutionConfigurationPlatforms) = preSolution
		Debug|x64 = Debug|x64
		Debug|x86 = Debug|x86
		Release|x64 = Release|x64
		Release|x86 = Release|x86
	EndGlobalSection
	GlobalSection(ProjectConfigurationPlatforms) = postSolution
		{981A6D13-A8AD-4BE1-ACD6-689A08C8B684}.Debug|x64.ActiveCfg = Debug|x64
		{981A6D13-A8AD-4BE1-ACD6-689A08C8B684}.Debug|x64.Build.0 = Debug|x64
		{981A6D13-A8AD-4BE1-ACD6-689A08C8B684}.Debug|x86.ActiveCfg = Debug|Win32
		{981A6D13-A8AD-4BE1-ACD6-689A08C8B684}.Debug|x86.Build.0 = Debug|Win32
		{981A6D13-A8AD-4BE1-ACD6-689A08C8B684}.Release|x64.ActiveCfg = Release|x64
		{981A6D13-A8AD-4BE1-ACD6-689A08C8B684}.Release|x64.Build.0 = Release|x64
		{981A6D13-A8AD-4BE1-ACD6-689A08C8B684}.Release|x86.ActiveCfg = Release|Win32
		{981A6D13-A8AD-4BE1-ACD6-689A08C8B684}.Release|x86.Build.0 = Release|Win32
	EndGlobalSection
	GlobalSection(SolutionProperties) = preSolution
		HideSolutionNode = FALSE
	EndGlobalSection
	GlobalSection(ExtensibilityGlobals) = postSolution
		SolutionGuid = {3C644FE3-7F9F-4AB6-9145-D1E8F08E8C85}
	EndGlobalSection
EndGlobal
