
Microsoft Visual Studio Solution File, Format Version 12.00
# Visual Studio Version 16
VisualStudioVersion = 16.0.30002.166
MinimumVisualStudioVersion = 10.0.40219.1
Project("{8BC9CEB8-8B4A-11D0-8D11-00A0C91BC942}") = "큐", "큐\큐.vcxproj", "{ABACDAB8-4609-4C25-98B6-5612352CCA92}"
EndProject
Global
	GlobalSection(SolutionConfigurationPlatforms) = preSolution
		Debug|x64 = Debug|x64
		Debug|x86 = Debug|x86
		Release|x64 = Release|x64
		Release|x86 = Release|x86
	EndGlobalSection
	GlobalSection(ProjectConfigurationPlatforms) = postSolution
		{ABACDAB8-4609-4C25-98B6-5612352CCA92}.Debug|x64.ActiveCfg = Debug|x64
		{ABACDAB8-4609-4C25-98B6-5612352CCA92}.Debug|x64.Build.0 = Debug|x64
		{ABACDAB8-4609-4C25-98B6-5612352CCA92}.Debug|x86.ActiveCfg = Debug|Win32
		{ABACDAB8-4609-4C25-98B6-5612352CCA92}.Debug|x86.Build.0 = Debug|Win32
		{ABACDAB8-4609-4C25-98B6-5612352CCA92}.Release|x64.ActiveCfg = Release|x64
		{ABACDAB8-4609-4C25-98B6-5612352CCA92}.Release|x64.Build.0 = Release|x64
		{ABACDAB8-4609-4C25-98B6-5612352CCA92}.Release|x86.ActiveCfg = Release|Win32
		{ABACDAB8-4609-4C25-98B6-5612352CCA92}.Release|x86.Build.0 = Release|Win32
	EndGlobalSection
	GlobalSection(SolutionProperties) = preSolution
		HideSolutionNode = FALSE
	EndGlobalSection
	GlobalSection(ExtensibilityGlobals) = postSolution
		SolutionGuid = {121343ED-0DB8-42D2-A7FB-81C0A60C51A6}
	EndGlobalSection
EndGlobal
